// !$*UTF8*$!
{
	archiveVersion = 1;
	classes = {
	};
	objectVersion = 55;
	objects = {

/* Begin PBXBuildFile section */
		DB36276A291187BA00ABFE82 /* AppDelegate.swift in Sources */ = {isa = PBXBuildFile; fileRef = DB362769291187BA00ABFE82 /* AppDelegate.swift */; };
		DB36276C291187BA00ABFE82 /* SceneDelegate.swift in Sources */ = {isa = PBXBuildFile; fileRef = DB36276B291187BA00ABFE82 /* SceneDelegate.swift */; };
		DB36276E291187BA00ABFE82 /* ViewController.swift in Sources */ = {isa = PBXBuildFile; fileRef = DB36276D291187BA00ABFE82 /* ViewController.swift */; };
		DB362771291187BA00ABFE82 /* Main.storyboard in Resources */ = {isa = PBXBuildFile; fileRef = DB36276F291187BA00ABFE82 /* Main.storyboard */; };
		DB362773291187BB00ABFE82 /* Assets.xcassets in Resources */ = {isa = PBXBuildFile; fileRef = DB362772291187BB00ABFE82 /* Assets.xcassets */; };
		DB362776291187BB00ABFE82 /* LaunchScreen.storyboard in Resources */ = {isa = PBXBuildFile; fileRef = DB362774291187BB00ABFE82 /* LaunchScreen.storyboard */; };
		DBA83C9A29142E32008C7ACC /* SaveOne.swift in Sources */ = {isa = PBXBuildFile; fileRef = DBA83C9929142E32008C7ACC /* SaveOne.swift */; };
		DBA83C9C29143423008C7ACC /* Save1.swift in Sources */ = {isa = PBXBuildFile; fileRef = DBA83C9B29143423008C7ACC /* Save1.swift */; };
/* End PBXBuildFile section */

/* Begin PBXFileReference section */
		DB362766291187BA00ABFE82 /* artPort.app */ = {isa = PBXFileReference; explicitFileType = wrapper.application; includeInIndex = 0; path = artPort.app; sourceTree = BUILT_PRODUCTS_DIR; };
		DB362769291187BA00ABFE82 /* AppDelegate.swift */ = {isa = PBXFileReference; lastKnownFileType = sourcecode.swift; path = AppDelegate.swift; sourceTree = "<group>"; };
		DB36276B291187BA00ABFE82 /* SceneDelegate.swift */ = {isa = PBXFileReference; lastKnownFileType = sourcecode.swift; path = SceneDelegate.swift; sourceTree = "<group>"; };
		DB36276D291187BA00ABFE82 /* ViewController.swift */ = {isa = PBXFileReference; lastKnownFileType = sourcecode.swift; path = ViewController.swift; sourceTree = "<group>"; };
		DB362770291187BA00ABFE82 /* Base */ = {isa = PBXFileReference; lastKnownFileType = file.storyboard; name = Base; path = Base.lproj/Main.storyboard; sourceTree = "<group>"; };
		DB362772291187BB00ABFE82 /* Assets.xcassets */ = {isa = PBXFileReference; lastKnownFileType = folder.assetcatalog; path = Assets.xcassets; sourceTree = "<group>"; };
		DB362775291187BB00ABFE82 /* Base */ = {isa = PBXFileReference; lastKnownFileType = file.storyboard; name = Base; path = Base.lproj/LaunchScreen.storyboard; sourceTree = "<group>"; };
		DB362777291187BB00ABFE82 /* Info.plist */ = {isa = PBXFileReference; lastKnownFileType = text.plist.xml; path = Info.plist; sourceTree = "<group>"; };
		DBA83C9929142E32008C7ACC /* SaveOne.swift */ = {isa = PBXFileReference; lastKnownFileType = sourcecode.swift; path = SaveOne.swift; sourceTree = "<group>"; };
		DBA83C9B29143423008C7ACC /* Save1.swift */ = {isa = PBXFileReference; lastKnownFileType = sourcecode.swift; path = Save1.swift; sourceTree = "<group>"; };
/* End PBXFileReference section */

/* Begin PBXFrameworksBuildPhase section */
		DB362763291187BA00ABFE82 /* Frameworks */ = {
			isa = PBXFrameworksBuildPhase;
			buildActionMask = 2147483647;
			files = (
			);
			runOnlyForDeploymentPostprocessing = 0;
		};
/* End PBXFrameworksBuildPhase section */

/* Begin PBXGroup section */
		DB36275D291187BA00ABFE82 = {
			isa = PBXGroup;
			children = (
				DBA83C9B29143423008C7ACC /* Save1.swift */,
				DB362768291187BA00ABFE82 /* artPort */,
				DB362767291187BA00ABFE82 /* Products */,
			);
			sourceTree = "<group>";
		};
		DB362767291187BA00ABFE82 /* Products */ = {
			isa = PBXGroup;
			children = (
				DB362766291187BA00ABFE82 /* artPort.app */,
			);
			name = Products;
			sourceTree = "<group>";
		};
		DB362768291187BA00ABFE82 /* artPort */ = {
			isa = PBXGroup;
			children = (
				DB362769291187BA00ABFE82 /* AppDelegate.swift */,
				DB36276B291187BA00ABFE82 /* SceneDelegate.swift */,
				DB36276D291187BA00ABFE82 /* ViewController.swift */,
				DB36276F291187BA00ABFE82 /* Main.storyboard */,
				DBA83C9929142E32008C7ACC /* SaveOne.swift */,
				DB362772291187BB00ABFE82 /* Assets.xcassets */,
				DB362774291187BB00ABFE82 /* LaunchScreen.storyboard */,
				DB362777291187BB00ABFE82 /* Info.plist */,
			);
			path = artPort;
			sourceTree = "<group>";
		};
/* End PBXGroup section */

/* Begin PBXNativeTarget section */
		DB362765291187BA00ABFE82 /* artPort */ = {
			isa = PBXNativeTarget;
			buildConfigurationList = DB36277A291187BB00ABFE82 /* Build configuration list for PBXNativeTarget "artPort" */;
			buildPhases = (
				DB362762291187BA00ABFE82 /* Sources */,
				DB362763291187BA00ABFE82 /* Frameworks */,
				DB362764291187BA00ABFE82 /* Resources */,
			);
			buildRules = (
			);
			dependencies = (
			);
			name = artPort;
			productName = artPort;
			productReference = DB362766291187BA00ABFE82 /* artPort.app */;
			productType = "com.apple.product-type.application";
		};
/* End PBXNativeTarget section */

/* Begin PBXProject section */
		DB36275E291187BA00ABFE82 /* Project object */ = {
			isa = PBXProject;
			attributes = {
				BuildIndependentTargetsInParallel = 1;
				LastSwiftUpdateCheck = 1340;
				LastUpgradeCheck = 1340;
				TargetAttributes = {
					DB362765291187BA00ABFE82 = {
						CreatedOnToolsVersion = 13.4.1;
					};
				};
			};
			buildConfigurationList = DB362761291187BA00ABFE82 /* Build configuration list for PBXProject "artPort" */;
			compatibilityVersion = "Xcode 13.0";
			developmentRegion = en;
			hasScannedForEncodings = 0;
			knownRegions = (
				en,
				Base,
			);
			mainGroup = DB36275D291187BA00ABFE82;
			productRefGroup = DB362767291187BA00ABFE82 /* Products */;
			projectDirPath = "";
			projectRoot = "";
			targets = (
				DB362765291187BA00ABFE82 /* artPort */,
			);
		};
/* End PBXProject section */

/* Begin PBXResourcesBuildPhase section */
		DB362764291187BA00ABFE82 /* Resources */ = {
			isa = PBXResourcesBuildPhase;
			buildActionMask = 2147483647;
			files = (
				DB362776291187BB00ABFE82 /* LaunchScreen.storyboard in Resources */,
				DB362773291187BB00ABFE82 /* Assets.xcassets in Resources */,
				DB362771291187BA00ABFE82 /* Main.storyboard in Resources */,
			);
			runOnlyForDeploymentPostprocessing = 0;
		};
/* End PBXResourcesBuildPhase section */

/* Begin PBXSourcesBuildPhase section */
		DB362762291187BA00ABFE82 /* Sources */ = {
			isa = PBXSourcesBuildPhase;
			buildActionMask = 2147483647;
			files = (
				DB36276E291187BA00ABFE82 /* ViewController.swift in Sources */,
				DBA83C9A29142E32008C7ACC /* SaveOne.swift in Sources */,
				DB36276A291187BA00ABFE82 /* AppDelegate.swift in Sources */,
				DB36276C291187BA00ABFE82 /* SceneDelegate.swift in Sources */,
				DBA83C9C29143423008C7ACC /* Save1.swift in Sources */,
			);
			runOnlyForDeploymentPostprocessing = 0;
		};
/* End PBXSourcesBuildPhase section */

/* Begin PBXVariantGroup section */
		DB36276F291187BA00ABFE82 /* Main.storyboard */ = {
			isa = PBXVariantGroup;
			children = (
				DB362770291187BA00ABFE82 /* Base */,
			);
			name = Main.storyboard;
			sourceTree = "<group>";
		};
		DB362774291187BB00ABFE82 /* LaunchScreen.storyboard */ = {
			isa = PBXVariantGroup;
			children = (
				DB362775291187BB00ABFE82 /* Base */,
			);
			name = LaunchScreen.storyboard;
			sourceTree = "<group>";
		};
/* End PBXVariantGroup section */

/* Begin XCBuildConfiguration section */
		DB362778291187BB00ABFE82 /* Debug */ = {
			isa = XCBuildConfiguration;
			buildSettings = {
				ALWAYS_SEARCH_USER_PATHS = NO;
				CLANG_ANALYZER_NONNULL = YES;
				CLANG_ANALYZER_NUMBER_OBJECT_CONVERSION = YES_AGGRESSIVE;
				CLANG_CXX_LANGUAGE_STANDARD = "gnu++17";
				CLANG_ENABLE_MODULES = YES;
				CLANG_ENABLE_OBJC_ARC = YES;
				CLANG_ENABLE_OBJC_WEAK = YES;
				CLANG_WARN_BLOCK_CAPTURE_AUTORELEASING = YES;
				CLANG_WARN_BOOL_CONVERSION = YES;
				CLANG_WARN_COMMA = YES;
				CLANG_WARN_CONSTANT_CONVERSION = YES;
				CLANG_WARN_DEPRECATED_OBJC_IMPLEMENTATIONS = YES;
				CLANG_WARN_DIRECT_OBJC_ISA_USAGE = YES_ERROR;
				CLANG_WARN_DOCUMENTATION_COMMENTS = YES;
				CLANG_WARN_EMPTY_BODY = YES;
				CLANG_WARN_ENUM_CONVERSION = YES;
				CLANG_WARN_INFINITE_RECURSION = YES;
				CLANG_WARN_INT_CONVERSION = YES;
				CLANG_WARN_NON_LITERAL_NULL_CONVERSION = YES;
				CLANG_WARN_OBJC_IMPLICIT_RETAIN_SELF = YES;
				CLANG_WARN_OBJC_LITERAL_CONVERSION = YES;
				CLANG_WARN_OBJC_ROOT_CLASS = YES_ERROR;
				CLANG_WARN_QUOTED_INCLUDE_IN_FRAMEWORK_HEADER = YES;
				CLANG_WARN_RANGE_LOOP_ANALYSIS = YES;
				CLANG_WARN_STRICT_PROTOTYPES = YES;
				CLANG_WARN_SUSPICIOUS_MOVE = YES;
				CLANG_WARN_UNGUARDED_AVAILABILITY = YES_AGGRESSIVE;
				CLANG_WARN_UNREACHABLE_CODE = YES;
				CLANG_WARN__DUPLICATE_METHOD_MATCH = YES;
				COPY_PHASE_STRIP = NO;
				DEBUG_INFORMATION_FORMAT = dwarf;
				ENABLE_STRICT_OBJC_MSGSEND = YES;
				ENABLE_TESTABILITY = YES;
				GCC_C_LANGUAGE_STANDARD = gnu11;
				GCC_DYNAMIC_NO_PIC = NO;
				GCC_NO_COMMON_BLOCKS = YES;
				GCC_OPTIMIZATION_LEVEL = 0;
				GCC_PREPROCESSOR_DEFINITIONS = (
					"DEBUG=1",
					"$(inherited)",
				);
				GCC_WARN_64_TO_32_BIT_CONVERSION = YES;
				GCC_WARN_ABOUT_RETURN_TYPE = YES_ERROR;
				GCC_WARN_UNDECLARED_SELECTOR = YES;
				GCC_WARN_UNINITIALIZED_AUTOS = YES_AGGRESSIVE;
				GCC_WARN_UNUSED_FUNCTION = YES;
				GCC_WARN_UNUSED_VARIABLE = YES;
				IPHONEOS_DEPLOYMENT_TARGET = 15.5;
				MTL_ENABLE_DEBUG_INFO = INCLUDE_SOURCE;
				MTL_FAST_MATH = YES;
				ONLY_ACTIVE_ARCH = YES;
				SDKROOT = iphoneos;
				SWIFT_ACTIVE_COMPILATION_CONDITIONS = DEBUG;
				SWIFT_OPTIMIZATION_LEVEL = "-Onone";
			};
			name = Debug;
		};
		DB362779291187BB00ABFE82 /* Release */ = {
			isa = XCBuildConfiguration;
			buildSettings = {
				ALWAYS_SEARCH_USER_PATHS = NO;
				CLANG_ANALYZER_NONNULL = YES;
				CLANG_ANALYZER_NUMBER_OBJECT_CONVERSION = YES_AGGRESSIVE;
				CLANG_CXX_LANGUAGE_STANDARD = "gnu++17";
				CLANG_ENABLE_MODULES = YES;
				CLANG_ENABLE_OBJC_ARC = YES;
				CLANG_ENABLE_OBJC_WEAK = YES;
				CLANG_WARN_BLOCK_CAPTURE_AUTORELEASING = YES;
				CLANG_WARN_BOOL_CONVERSION = YES;
				CLANG_WARN_COMMA = YES;
				CLANG_WARN_CONSTANT_CONVERSION = YES;
				CLANG_WARN_DEPRECATED_OBJC_IMPLEMENTATIONS = YES;
				CLANG_WARN_DIRECT_OBJC_ISA_USAGE = YES_ERROR;
				CLANG_WARN_DOCUMENTATION_COMMENTS = YES;
				CLANG_WARN_EMPTY_BODY = YES;
				CLANG_WARN_ENUM_CONVERSION = YES;
				CLANG_WARN_INFINITE_RECURSION = YES;
				CLANG_WARN_INT_CONVERSION = YES;
				CLANG_WARN_NON_LITERAL_NULL_CONVERSION = YES;
				CLANG_WARN_OBJC_IMPLICIT_RETAIN_SELF = YES;
				CLANG_WARN_OBJC_LITERAL_CONVERSION = YES;
				CLANG_WARN_OBJC_ROOT_CLASS = YES_ERROR;
				CLANG_WARN_QUOTED_INCLUDE_IN_FRAMEWORK_HEADER = YES;
				CLANG_WARN_RANGE_LOOP_ANALYSIS = YES;
				CLANG_WARN_STRICT_PROTOTYPES = YES;
				CLANG_WARN_SUSPICIOUS_MOVE = YES;
				CLANG_WARN_UNGUARDED_AVAILABILITY = YES_AGGRESSIVE;
				CLANG_WARN_UNREACHABLE_CODE = YES;
				CLANG_WARN__DUPLICATE_METHOD_MATCH = YES;
				COPY_PHASE_STRIP = NO;
				DEBUG_INFORMATION_FORMAT = "dwarf-with-dsym";
				ENABLE_NS_ASSERTIONS = NO;
				ENABLE_STRICT_OBJC_MSGSEND = YES;
				GCC_C_LANGUAGE_STANDARD = gnu11;
				GCC_NO_COMMON_BLOCKS = YES;
				GCC_WARN_64_TO_32_BIT_CONVERSION = YES;
				GCC_WARN_ABOUT_RETURN_TYPE = YES_ERROR;
				GCC_WARN_UNDECLARED_SELECTOR = YES;
				GCC_WARN_UNINITIALIZED_AUTOS = YES_AGGRESSIVE;
				GCC_WARN_UNUSED_FUNCTION = YES;
				GCC_WARN_UNUSED_VARIABLE = YES;
				IPHONEOS_DEPLOYMENT_TARGET = 15.5;
				MTL_ENABLE_DEBUG_INFO = NO;
				MTL_FAST_MATH = YES;
				SDKROOT = iphoneos;
				SWIFT_COMPILATION_MODE = wholemodule;
				SWIFT_OPTIMIZATION_LEVEL = "-O";
				VALIDATE_PRODUCT = YES;
			};
			name = Release;
		};
		DB36277B291187BB00ABFE82 /* Debug */ = {
			isa = XCBuildConfiguration;
			buildSettings = {
				ASSETCATALOG_COMPILER_APPICON_NAME = AppIcon;
				ASSETCATALOG_COMPILER_GLOBAL_ACCENT_COLOR_NAME = AccentColor;
				CODE_SIGN_STYLE = Automatic;
				CURRENT_PROJECT_VERSION = 1;
				GENERATE_INFOPLIST_FILE = YES;
				INFOPLIST_FILE = artPort/Info.plist;
				INFOPLIST_KEY_UIApplicationSupportsIndirectInputEvents = YES;
				INFOPLIST_KEY_UILaunchStoryboardName = LaunchScreen;
				INFOPLIST_KEY_UIMainStoryboardFile = Main;
				INFOPLIST_KEY_UISupportedInterfaceOrientations_iPad = "UIInterfaceOrientationPortrait UIInterfaceOrientationPortraitUpsideDown UIInterfaceOrientationLandscapeLeft UIInterfaceOrientationLandscapeRight";
				INFOPLIST_KEY_UISupportedInterfaceOrientations_iPhone = "UIInterfaceOrientationPortrait UIInterfaceOrientationLandscapeLeft UIInterfaceOrientationLandscapeRight";
				LD_RUNPATH_SEARCH_PATHS = (
					"$(inherited)",
					"@executable_path/Frameworks",
				);
				MARKETING_VERSION = 1.0;
				PRODUCT_BUNDLE_IDENTIFIER = com.OliverBloom.artPort;
				PRODUCT_NAME = "$(TARGET_NAME)";
				SWIFT_EMIT_LOC_STRINGS = YES;
				SWIFT_VERSION = 5.0;
				TARGETED_DEVICE_FAMILY = "1,2";
			};
			name = Debug;
		};
		DB36277C291187BB00ABFE82 /* Release */ = {
			isa = XCBuildConfiguration;
			buildSettings = {
				ASSETCATALOG_COMPILER_APPICON_NAME = AppIcon;
				ASSETCATALOG_COMPILER_GLOBAL_ACCENT_COLOR_NAME = AccentColor;
				CODE_SIGN_STYLE = Automatic;
				CURRENT_PROJECT_VERSION = 1;
				GENERATE_INFOPLIST_FILE = YES;
				INFOPLIST_FILE = artPort/Info.plist;
				INFOPLIST_KEY_UIApplicationSupportsIndirectInputEvents = YES;
				INFOPLIST_KEY_UILaunchStoryboardName = LaunchScreen;
				INFOPLIST_KEY_UIMainStoryboardFile = Main;
				INFOPLIST_KEY_UISupportedInterfaceOrientations_iPad = "UIInterfaceOrientationPortrait UIInterfaceOrientationPortraitUpsideDown UIInterfaceOrientationLandscapeLeft UIInterfaceOrientationLandscapeRight";
				INFOPLIST_KEY_UISupportedInterfaceOrientations_iPhone = "UIInterfaceOrientationPortrait UIInterfaceOrientationLandscapeLeft UIInterfaceOrientationLandscapeRight";
				LD_RUNPATH_SEARCH_PATHS = (
					"$(inherited)",
					"@executable_path/Frameworks",
				);
				MARKETING_VERSION = 1.0;
				PRODUCT_BUNDLE_IDENTIFIER = com.OliverBloom.artPort;
				PRODUCT_NAME = "$(TARGET_NAME)";
				SWIFT_EMIT_LOC_STRINGS = YES;
				SWIFT_VERSION = 5.0;
				TARGETED_DEVICE_FAMILY = "1,2";
			};
			name = Release;
		};
/* End XCBuildConfiguration section */

/* Begin XCConfigurationList section */
		DB362761291187BA00ABFE82 /* Build configuration list for PBXProject "artPort" */ = {
			isa = XCConfigurationList;
			buildConfigurations = (
				DB362778291187BB00ABFE82 /* Debug */,
				DB362779291187BB00ABFE82 /* Release */,
			);
			defaultConfigurationIsVisible = 0;
			defaultConfigurationName = Release;
		};
		DB36277A291187BB00ABFE82 /* Build configuration list for PBXNativeTarget "artPort" */ = {
			isa = XCConfigurationList;
			buildConfigurations = (
				DB36277B291187BB00ABFE82 /* Debug */,
				DB36277C291187BB00ABFE82 /* Release */,
			);
			defaultConfigurationIsVisible = 0;
			defaultConfigurationName = Release;
		};
/* End XCConfigurationList section */
	};
	rootObject = DB36275E291187BA00ABFE82 /* Project object */;
}
